{
    "requires": true,
    "lockfileVersion": 1,
    "dependencies": {
        "serial-number": {
            "version": "1.3.0",
            "resolved": "https://registry.npmjs.org/serial-number/-/serial-number-1.3.0.tgz",
            "integrity": "sha1-r/XKQ93gKkHEC60/HlEjRl1thow="
        }
    }
}
